
Microsoft Visual Studio Solution File, Format Version 12.00
# Visual Studio Version 17
VisualStudioVersion = 17.9.34902.65
MinimumVisualStudioVersion = 10.0.40219.1
Project("{FAE04EC0-301F-11D3-BF4B-00C04F79EFBC}") = "BulkyWeb", "BulkyWeb\BulkyWeb.csproj", "{6BEEA2C0-F87C-433C-8B3A-E0CD538B4563}"
EndProject
Global
	GlobalSection(SolutionConfigurationPlatforms) = preSolution
		Debug|Any CPU = Debug|Any CPU
		Release|Any CPU = Release|Any CPU
	EndGlobalSection
	GlobalSection(ProjectConfigurationPlatforms) = postSolution
		{6BEEA2C0-F87C-433C-8B3A-E0CD538B4563}.Debug|Any CPU.ActiveCfg = Debug|Any CPU
		{6BEEA2C0-F87C-433C-8B3A-E0CD538B4563}.Debug|Any CPU.Build.0 = Debug|Any CPU
		{6BEEA2C0-F87C-433C-8B3A-E0CD538B4563}.Release|Any CPU.ActiveCfg = Release|Any CPU
		{6BEEA2C0-F87C-433C-8B3A-E0CD538B4563}.Release|Any CPU.Build.0 = Release|Any CPU
	EndGlobalSection
	GlobalSection(SolutionProperties) = preSolution
		HideSolutionNode = FALSE
	EndGlobalSection
	GlobalSection(ExtensibilityGlobals) = postSolution
		SolutionGuid = {CBD1B64B-EB97-462C-8F4D-BA6B4E1A1BD9}
	EndGlobalSection
EndGlobal
